{
    "_meta": {
        "hash": {
            "sha256": "252f0f62fbce1c0d35b47b3b021d3adafe319243dc20bba69a0339f6ae304714"
        },
        "host-environment-markers": {
            "implementation_name": "cpython",
            "implementation_version": "3.6.3",
            "os_name": "posix",
            "platform_machine": "x86_64",
            "platform_python_implementation": "CPython",
            "platform_release": "4.13.12-1-ARCH",
            "platform_system": "Linux",
            "platform_version": "#1 SMP PREEMPT Wed Nov 8 11:54:06 CET 2017",
            "python_full_version": "3.6.3",
            "python_version": "3.6",
            "sys_platform": "linux"
        },
        "pipfile-spec": 6,
        "requires": {
            "python_version": "3.6"
        },
        "sources": [
            {
                "name": "pypi",
                "url": "https://pypi.python.org/simple",
                "verify_ssl": true
            }
        ]
    },
    "default": {
        "e1839a8": {
            "editable": true,
            "path": "."
        },
        "graphviz": {
            "hashes": [
                "sha256:2b91add3c2f770e2c20a867bb9e1bd2d7e3b95bc4a70ea0b062b4b0a902a2b97",
                "sha256:6bffbec8b7a0619fe745515039d0d6bb41b6632f3dee02bcd2601581abc63f03"
            ],
            "version": "==0.8.1"
        },
        "py": {
            "hashes": [
                "sha256:8cca5c229d225f8c1e3085be4fcf306090b00850fefad892f9d96c7b6e2f310f",
                "sha256:ca18943e28235417756316bfada6cd96b23ce60dd532642690dcfdaba988a76d"
            ],
            "version": "==1.5.2"
        },
        "pytest": {
            "hashes": [
                "sha256:241d7e7798d79192a123ceaf64c602b4d233eacf6d6e42ae27caa97f498b7dc6",
                "sha256:6d5bd4f7113b444c55a3bbb5c738a3dd80d43563d063fc42dcb0aaefbdd78b81"
            ],
            "version": "==3.2.5"
        }
    },
    "develop": {}
}
